{
  "name": "sundarcss",
  "version": "1.0.3",
  "lockfileVersion": 3,
  "requires": true,
  "packages": {
    "": {
      "name": "sundarcss",
      "version": "1.0.3",
      "license": "MIT"
    },
    "node_modules/sundarcss": {
      "version": "1.0.3",
      "resolved": "https://registry.npmjs.org/sundarcss/-/sundarcss-1.0.3.tgz",
      "integrity": "sha512-QYjumWyBfw/74AXCpNk0j4Jz+HBZoXGb5kbzHTGQdpTqT2vgyzWSJVm9akUOvOZqKgPtTxUIqUZWbwpHmNRp1Q=="
    }
  }
}
